
Microsoft Visual Studio Solution File, Format Version 12.00
# Visual Studio Version 17
VisualStudioVersion = 17.9.34723.18
MinimumVisualStudioVersion = 10.0.40219.1
Project("{FAE04EC0-301F-11D3-BF4B-00C04F79EFBC}") = "Medicine.Server", "Medicine.Server\Medicine.Server.csproj", "{D4F474A2-0BA6-447D-ABA0-4E8FF739E354}"
EndProject
Project("{54A90642-561A-4BB1-A94E-469ADEE60C69}") = "medicine.client", "medicine.client\medicine.client.esproj", "{77ACABAA-CA0A-470D-AD03-9A05014BEA84}"
EndProject
Global
	GlobalSection(SolutionConfigurationPlatforms) = preSolution
		Debug|Any CPU = Debug|Any CPU
		Release|Any CPU = Release|Any CPU
	EndGlobalSection
	GlobalSection(ProjectConfigurationPlatforms) = postSolution
		{D4F474A2-0BA6-447D-ABA0-4E8FF739E354}.Debug|Any CPU.ActiveCfg = Debug|Any CPU
		{D4F474A2-0BA6-447D-ABA0-4E8FF739E354}.Debug|Any CPU.Build.0 = Debug|Any CPU
		{D4F474A2-0BA6-447D-ABA0-4E8FF739E354}.Release|Any CPU.ActiveCfg = Release|Any CPU
		{D4F474A2-0BA6-447D-ABA0-4E8FF739E354}.Release|Any CPU.Build.0 = Release|Any CPU
		{77ACABAA-CA0A-470D-AD03-9A05014BEA84}.Debug|Any CPU.ActiveCfg = Debug|Any CPU
		{77ACABAA-CA0A-470D-AD03-9A05014BEA84}.Debug|Any CPU.Build.0 = Debug|Any CPU
		{77ACABAA-CA0A-470D-AD03-9A05014BEA84}.Debug|Any CPU.Deploy.0 = Debug|Any CPU
		{77ACABAA-CA0A-470D-AD03-9A05014BEA84}.Release|Any CPU.ActiveCfg = Release|Any CPU
		{77ACABAA-CA0A-470D-AD03-9A05014BEA84}.Release|Any CPU.Build.0 = Release|Any CPU
		{77ACABAA-CA0A-470D-AD03-9A05014BEA84}.Release|Any CPU.Deploy.0 = Release|Any CPU
	EndGlobalSection
	GlobalSection(SolutionProperties) = preSolution
		HideSolutionNode = FALSE
	EndGlobalSection
	GlobalSection(ExtensibilityGlobals) = postSolution
		SolutionGuid = {AF372C96-33D2-47B6-8EE1-B8D06B5CC813}
	EndGlobalSection
EndGlobal
